
Microsoft Visual Studio Solution File, Format Version 12.00
# Visual Studio Version 16
VisualStudioVersion = 16.0.30225.117
MinimumVisualStudioVersion = 10.0.40219.1
Project("{FAE04EC0-301F-11D3-BF4B-00C04F79EFBC}") = "Helicopter Game", "Helicopter Game.csproj", "{202A54AB-975D-4881-932E-EEE531BA1C8B}"
EndProject
Global
	GlobalSection(SolutionConfigurationPlatforms) = preSolution
		Debug|Any CPU = Debug|Any CPU
		Release|Any CPU = Release|Any CPU
	EndGlobalSection
	GlobalSection(ProjectConfigurationPlatforms) = postSolution
		{202A54AB-975D-4881-932E-EEE531BA1C8B}.Debug|Any CPU.ActiveCfg = Debug|Any CPU
		{202A54AB-975D-4881-932E-EEE531BA1C8B}.Debug|Any CPU.Build.0 = Debug|Any CPU
		{202A54AB-975D-4881-932E-EEE531BA1C8B}.Release|Any CPU.ActiveCfg = Release|Any CPU
		{202A54AB-975D-4881-932E-EEE531BA1C8B}.Release|Any CPU.Build.0 = Release|Any CPU
	EndGlobalSection
	GlobalSection(SolutionProperties) = preSolution
		HideSolutionNode = FALSE
	EndGlobalSection
	GlobalSection(ExtensibilityGlobals) = postSolution
		SolutionGuid = {B832AD2E-9A60-4B5B-AF19-A09DDC2E480C}
	EndGlobalSection
EndGlobal
